
Microsoft Visual Studio Solution File, Format Version 12.00
# Visual Studio Version 17
VisualStudioVersion = 17.10.35122.118
MinimumVisualStudioVersion = 10.0.40219.1
Project("{FAE04EC0-301F-11D3-BF4B-00C04F79EFBC}") = "GP StudentsCrudFinal", "GP StudentsCrudFinal\GP StudentsCrudFinal.csproj", "{94C8FCF6-BCF9-47EF-94B9-33574F485071}"
EndProject
Project("{FAE04EC0-301F-11D3-BF4B-00C04F79EFBC}") = "gp_DALL", "gp_DALL\gp_DALL.csproj", "{0C9CC079-BE0D-460A-BEC2-D411984BE993}"
EndProject
Project("{FAE04EC0-301F-11D3-BF4B-00C04F79EFBC}") = "gp_BALL", "gp_BALL\gp_BALL.csproj", "{F0464952-CBA8-456C-A47F-89D9B6E39B36}"
EndProject
Global
	GlobalSection(SolutionConfigurationPlatforms) = preSolution
		Debug|Any CPU = Debug|Any CPU
		Release|Any CPU = Release|Any CPU
	EndGlobalSection
	GlobalSection(ProjectConfigurationPlatforms) = postSolution
		{94C8FCF6-BCF9-47EF-94B9-33574F485071}.Debug|Any CPU.ActiveCfg = Debug|Any CPU
		{94C8FCF6-BCF9-47EF-94B9-33574F485071}.Debug|Any CPU.Build.0 = Debug|Any CPU
		{94C8FCF6-BCF9-47EF-94B9-33574F485071}.Release|Any CPU.ActiveCfg = Release|Any CPU
		{94C8FCF6-BCF9-47EF-94B9-33574F485071}.Release|Any CPU.Build.0 = Release|Any CPU
		{0C9CC079-BE0D-460A-BEC2-D411984BE993}.Debug|Any CPU.ActiveCfg = Debug|Any CPU
		{0C9CC079-BE0D-460A-BEC2-D411984BE993}.Debug|Any CPU.Build.0 = Debug|Any CPU
		{0C9CC079-BE0D-460A-BEC2-D411984BE993}.Release|Any CPU.ActiveCfg = Release|Any CPU
		{0C9CC079-BE0D-460A-BEC2-D411984BE993}.Release|Any CPU.Build.0 = Release|Any CPU
		{F0464952-CBA8-456C-A47F-89D9B6E39B36}.Debug|Any CPU.ActiveCfg = Debug|Any CPU
		{F0464952-CBA8-456C-A47F-89D9B6E39B36}.Debug|Any CPU.Build.0 = Debug|Any CPU
		{F0464952-CBA8-456C-A47F-89D9B6E39B36}.Release|Any CPU.ActiveCfg = Release|Any CPU
		{F0464952-CBA8-456C-A47F-89D9B6E39B36}.Release|Any CPU.Build.0 = Release|Any CPU
	EndGlobalSection
	GlobalSection(SolutionProperties) = preSolution
		HideSolutionNode = FALSE
	EndGlobalSection
	GlobalSection(ExtensibilityGlobals) = postSolution
		SolutionGuid = {93E9F639-28FB-44EB-B958-F4778430B2E6}
	EndGlobalSection
EndGlobal
