
Microsoft Visual Studio Solution File, Format Version 12.00
# Visual Studio Version 17
VisualStudioVersion = 17.10.35122.118
MinimumVisualStudioVersion = 10.0.40219.1
Project("{FAE04EC0-301F-11D3-BF4B-00C04F79EFBC}") = "gp_ThreeTIre", "gp_ThreeTIre\gp_ThreeTIre.csproj", "{DD0DC2FC-2865-43BC-BC24-4AF03D9FB559}"
EndProject
Project("{FAE04EC0-301F-11D3-BF4B-00C04F79EFBC}") = "gp_DALL", "gp_DALL\gp_DALL.csproj", "{4F83ADD6-B656-4A6F-BBA8-09AD15B2D260}"
EndProject
Project("{FAE04EC0-301F-11D3-BF4B-00C04F79EFBC}") = "gp_BALL", "gp_BALL\gp_BALL.csproj", "{31EE2DBC-254C-4C74-A131-A8225A22300E}"
EndProject
Global
	GlobalSection(SolutionConfigurationPlatforms) = preSolution
		Debug|Any CPU = Debug|Any CPU
		Release|Any CPU = Release|Any CPU
	EndGlobalSection
	GlobalSection(ProjectConfigurationPlatforms) = postSolution
		{DD0DC2FC-2865-43BC-BC24-4AF03D9FB559}.Debug|Any CPU.ActiveCfg = Debug|Any CPU
		{DD0DC2FC-2865-43BC-BC24-4AF03D9FB559}.Debug|Any CPU.Build.0 = Debug|Any CPU
		{DD0DC2FC-2865-43BC-BC24-4AF03D9FB559}.Release|Any CPU.ActiveCfg = Release|Any CPU
		{DD0DC2FC-2865-43BC-BC24-4AF03D9FB559}.Release|Any CPU.Build.0 = Release|Any CPU
		{4F83ADD6-B656-4A6F-BBA8-09AD15B2D260}.Debug|Any CPU.ActiveCfg = Debug|Any CPU
		{4F83ADD6-B656-4A6F-BBA8-09AD15B2D260}.Debug|Any CPU.Build.0 = Debug|Any CPU
		{4F83ADD6-B656-4A6F-BBA8-09AD15B2D260}.Release|Any CPU.ActiveCfg = Release|Any CPU
		{4F83ADD6-B656-4A6F-BBA8-09AD15B2D260}.Release|Any CPU.Build.0 = Release|Any CPU
		{31EE2DBC-254C-4C74-A131-A8225A22300E}.Debug|Any CPU.ActiveCfg = Debug|Any CPU
		{31EE2DBC-254C-4C74-A131-A8225A22300E}.Debug|Any CPU.Build.0 = Debug|Any CPU
		{31EE2DBC-254C-4C74-A131-A8225A22300E}.Release|Any CPU.ActiveCfg = Release|Any CPU
		{31EE2DBC-254C-4C74-A131-A8225A22300E}.Release|Any CPU.Build.0 = Release|Any CPU
	EndGlobalSection
	GlobalSection(SolutionProperties) = preSolution
		HideSolutionNode = FALSE
	EndGlobalSection
	GlobalSection(ExtensibilityGlobals) = postSolution
		SolutionGuid = {33616D1C-469A-4368-A78F-274F26115F29}
	EndGlobalSection
EndGlobal
