
Microsoft Visual Studio Solution File, Format Version 12.00
# Visual Studio Version 17
VisualStudioVersion = 17.10.35122.118
MinimumVisualStudioVersion = 10.0.40219.1
Project("{FAE04EC0-301F-11D3-BF4B-00C04F79EFBC}") = "gp_StudentsCrudAdoWebApi", "gp_StudentsCrudAdoWebApi\gp_StudentsCrudAdoWebApi.csproj", "{79089D73-57A2-4C68-80A8-B25E32D2A223}"
EndProject
Project("{FAE04EC0-301F-11D3-BF4B-00C04F79EFBC}") = "gp_DALL", "gp_DALL\gp_DALL.csproj", "{59A22020-A802-4E52-89BE-CD1B458B4B3D}"
EndProject
Project("{FAE04EC0-301F-11D3-BF4B-00C04F79EFBC}") = "gp_BALL", "gp_BALL\gp_BALL.csproj", "{88921EA3-BAC8-4F86-AF28-1F9FEDDFD699}"
EndProject
Global
	GlobalSection(SolutionConfigurationPlatforms) = preSolution
		Debug|Any CPU = Debug|Any CPU
		Release|Any CPU = Release|Any CPU
	EndGlobalSection
	GlobalSection(ProjectConfigurationPlatforms) = postSolution
		{79089D73-57A2-4C68-80A8-B25E32D2A223}.Debug|Any CPU.ActiveCfg = Debug|Any CPU
		{79089D73-57A2-4C68-80A8-B25E32D2A223}.Debug|Any CPU.Build.0 = Debug|Any CPU
		{79089D73-57A2-4C68-80A8-B25E32D2A223}.Release|Any CPU.ActiveCfg = Release|Any CPU
		{79089D73-57A2-4C68-80A8-B25E32D2A223}.Release|Any CPU.Build.0 = Release|Any CPU
		{59A22020-A802-4E52-89BE-CD1B458B4B3D}.Debug|Any CPU.ActiveCfg = Debug|Any CPU
		{59A22020-A802-4E52-89BE-CD1B458B4B3D}.Debug|Any CPU.Build.0 = Debug|Any CPU
		{59A22020-A802-4E52-89BE-CD1B458B4B3D}.Release|Any CPU.ActiveCfg = Release|Any CPU
		{59A22020-A802-4E52-89BE-CD1B458B4B3D}.Release|Any CPU.Build.0 = Release|Any CPU
		{88921EA3-BAC8-4F86-AF28-1F9FEDDFD699}.Debug|Any CPU.ActiveCfg = Debug|Any CPU
		{88921EA3-BAC8-4F86-AF28-1F9FEDDFD699}.Debug|Any CPU.Build.0 = Debug|Any CPU
		{88921EA3-BAC8-4F86-AF28-1F9FEDDFD699}.Release|Any CPU.ActiveCfg = Release|Any CPU
		{88921EA3-BAC8-4F86-AF28-1F9FEDDFD699}.Release|Any CPU.Build.0 = Release|Any CPU
	EndGlobalSection
	GlobalSection(SolutionProperties) = preSolution
		HideSolutionNode = FALSE
	EndGlobalSection
	GlobalSection(ExtensibilityGlobals) = postSolution
		SolutionGuid = {B2B991E4-78AB-4026-8747-BFA875035693}
	EndGlobalSection
EndGlobal
