
Microsoft Visual Studio Solution File, Format Version 12.00
# Visual Studio Version 17
VisualStudioVersion = 17.10.35122.118
MinimumVisualStudioVersion = 10.0.40219.1
Project("{FAE04EC0-301F-11D3-BF4B-00C04F79EFBC}") = "gp.consoleapp", "gp.consoleapp\gp.consoleapp.csproj", "{5A599842-4EBA-4790-B173-62E5C2F3FCC2}"
EndProject
Global
	GlobalSection(SolutionConfigurationPlatforms) = preSolution
		Debug|Any CPU = Debug|Any CPU
		Release|Any CPU = Release|Any CPU
	EndGlobalSection
	GlobalSection(ProjectConfigurationPlatforms) = postSolution
		{5A599842-4EBA-4790-B173-62E5C2F3FCC2}.Debug|Any CPU.ActiveCfg = Debug|Any CPU
		{5A599842-4EBA-4790-B173-62E5C2F3FCC2}.Debug|Any CPU.Build.0 = Debug|Any CPU
		{5A599842-4EBA-4790-B173-62E5C2F3FCC2}.Release|Any CPU.ActiveCfg = Release|Any CPU
		{5A599842-4EBA-4790-B173-62E5C2F3FCC2}.Release|Any CPU.Build.0 = Release|Any CPU
	EndGlobalSection
	GlobalSection(SolutionProperties) = preSolution
		HideSolutionNode = FALSE
	EndGlobalSection
	GlobalSection(ExtensibilityGlobals) = postSolution
		SolutionGuid = {4B70358D-11B0-4D59-AD7D-68073B566052}
	EndGlobalSection
EndGlobal
