
Microsoft Visual Studio Solution File, Format Version 12.00
# Visual Studio Version 17
VisualStudioVersion = 17.10.35122.118
MinimumVisualStudioVersion = 10.0.40219.1
Project("{FAE04EC0-301F-11D3-BF4B-00C04F79EFBC}") = "GP FINALPROJECT", "GP FINALPROJECT\GP FINALPROJECT.csproj", "{9CBF848E-9430-4029-A91E-47FAF1FD2399}"
EndProject
Project("{FAE04EC0-301F-11D3-BF4B-00C04F79EFBC}") = "DALL", "DALL\DALL.csproj", "{DECB0AAC-1840-4FA1-A977-F319EFA7DFA8}"
EndProject
Project("{FAE04EC0-301F-11D3-BF4B-00C04F79EFBC}") = "BALL", "BALL\BALL.csproj", "{4F47B377-F926-4411-BD1B-CD15E4DA52A6}"
EndProject
Global
	GlobalSection(SolutionConfigurationPlatforms) = preSolution
		Debug|Any CPU = Debug|Any CPU
		Release|Any CPU = Release|Any CPU
	EndGlobalSection
	GlobalSection(ProjectConfigurationPlatforms) = postSolution
		{9CBF848E-9430-4029-A91E-47FAF1FD2399}.Debug|Any CPU.ActiveCfg = Debug|Any CPU
		{9CBF848E-9430-4029-A91E-47FAF1FD2399}.Debug|Any CPU.Build.0 = Debug|Any CPU
		{9CBF848E-9430-4029-A91E-47FAF1FD2399}.Release|Any CPU.ActiveCfg = Release|Any CPU
		{9CBF848E-9430-4029-A91E-47FAF1FD2399}.Release|Any CPU.Build.0 = Release|Any CPU
		{DECB0AAC-1840-4FA1-A977-F319EFA7DFA8}.Debug|Any CPU.ActiveCfg = Debug|Any CPU
		{DECB0AAC-1840-4FA1-A977-F319EFA7DFA8}.Debug|Any CPU.Build.0 = Debug|Any CPU
		{DECB0AAC-1840-4FA1-A977-F319EFA7DFA8}.Release|Any CPU.ActiveCfg = Release|Any CPU
		{DECB0AAC-1840-4FA1-A977-F319EFA7DFA8}.Release|Any CPU.Build.0 = Release|Any CPU
		{4F47B377-F926-4411-BD1B-CD15E4DA52A6}.Debug|Any CPU.ActiveCfg = Debug|Any CPU
		{4F47B377-F926-4411-BD1B-CD15E4DA52A6}.Debug|Any CPU.Build.0 = Debug|Any CPU
		{4F47B377-F926-4411-BD1B-CD15E4DA52A6}.Release|Any CPU.ActiveCfg = Release|Any CPU
		{4F47B377-F926-4411-BD1B-CD15E4DA52A6}.Release|Any CPU.Build.0 = Release|Any CPU
	EndGlobalSection
	GlobalSection(SolutionProperties) = preSolution
		HideSolutionNode = FALSE
	EndGlobalSection
	GlobalSection(ExtensibilityGlobals) = postSolution
		SolutionGuid = {7229B0F4-3A03-46FE-984F-F991A19F99DF}
	EndGlobalSection
EndGlobal
